
Microsoft Visual Studio Solution File, Format Version 12.00
# Visual Studio Version 17
VisualStudioVersion = 17.9.34622.214
MinimumVisualStudioVersion = 10.0.40219.1
Project("{9A19103F-16F7-4668-BE54-9A1E7A4F7556}") = "ChallengeApp", "ChallengeApp\ChallengeApp.csproj", "{A0E4296D-2972-4749-B39F-48D5013352B2}"
EndProject
Project("{FAE04EC0-301F-11D3-BF4B-00C04F79EFBC}") = "ChallengeApp.test", "ChallengeApp.test\ChallengeApp.test.csproj", "{C6FFA5D5-8CAF-43D2-AA37-51D0811C0E6B}"
EndProject
Global
	GlobalSection(SolutionConfigurationPlatforms) = preSolution
		Debug|Any CPU = Debug|Any CPU
		Release|Any CPU = Release|Any CPU
	EndGlobalSection
	GlobalSection(ProjectConfigurationPlatforms) = postSolution
		{A0E4296D-2972-4749-B39F-48D5013352B2}.Debug|Any CPU.ActiveCfg = Debug|Any CPU
		{A0E4296D-2972-4749-B39F-48D5013352B2}.Debug|Any CPU.Build.0 = Debug|Any CPU
		{A0E4296D-2972-4749-B39F-48D5013352B2}.Release|Any CPU.ActiveCfg = Release|Any CPU
		{A0E4296D-2972-4749-B39F-48D5013352B2}.Release|Any CPU.Build.0 = Release|Any CPU
		{C6FFA5D5-8CAF-43D2-AA37-51D0811C0E6B}.Debug|Any CPU.ActiveCfg = Debug|Any CPU
		{C6FFA5D5-8CAF-43D2-AA37-51D0811C0E6B}.Debug|Any CPU.Build.0 = Debug|Any CPU
		{C6FFA5D5-8CAF-43D2-AA37-51D0811C0E6B}.Release|Any CPU.ActiveCfg = Release|Any CPU
		{C6FFA5D5-8CAF-43D2-AA37-51D0811C0E6B}.Release|Any CPU.Build.0 = Release|Any CPU
	EndGlobalSection
	GlobalSection(SolutionProperties) = preSolution
		HideSolutionNode = FALSE
	EndGlobalSection
	GlobalSection(ExtensibilityGlobals) = postSolution
		SolutionGuid = {62557E1E-F127-48C1-8040-6704447A9DD0}
	EndGlobalSection
EndGlobal
